// !$*UTF8*$!
{
	archiveVersion = 1;
	classes = {
	};
	objectVersion = 50;
	objects = {

/* Begin PBXBuildFile section */
		81129CC82357E97C00E601CC /* Model.swift in Sources */ = {isa = PBXBuildFile; fileRef = 81129CC72357E97C00E601CC /* Model.swift */; };
		81231A1E231B39B400B5EAD0 /* AutoPlayView.swift in Sources */ = {isa = PBXBuildFile; fileRef = 81231A1D231B39B400B5EAD0 /* AutoPlayView.swift */; };
		812F8CCC2342E6D7000D8925 /* DeckSetup.swift in Sources */ = {isa = PBXBuildFile; fileRef = 812F8CCB2342E6D7000D8925 /* DeckSetup.swift */; };
		812F8CCE2342E701000D8925 /* Turn.swift in Sources */ = {isa = PBXBuildFile; fileRef = 812F8CCD2342E701000D8925 /* Turn.swift */; };
		812F8CD02342F424000D8925 /* Hand.swift in Sources */ = {isa = PBXBuildFile; fileRef = 812F8CCF2342F424000D8925 /* Hand.swift */; };
		812F8CD223433C93000D8925 /* Suit.swift in Sources */ = {isa = PBXBuildFile; fileRef = 812F8CD123433C93000D8925 /* Suit.swift */; };
		81314E5C235BD0AF00798935 /* DeckView.swift in Sources */ = {isa = PBXBuildFile; fileRef = 81314E5B235BD0AF00798935 /* DeckView.swift */; };
		81314E5E235BD6FF00798935 /* CardArray+Model.swift in Sources */ = {isa = PBXBuildFile; fileRef = 81314E5D235BD6FF00798935 /* CardArray+Model.swift */; };
		81465FB62343FC4200DD67C8 /* Card.swift in Sources */ = {isa = PBXBuildFile; fileRef = 81465FB52343FC4200DD67C8 /* Card.swift */; };
		81475F3923616AB3009DD0F6 /* PlayableV3.swift in Sources */ = {isa = PBXBuildFile; fileRef = 81475F3823616AB3009DD0F6 /* PlayableV3.swift */; };
		815749D62331C2DA008E95CF /* Game.swift in Sources */ = {isa = PBXBuildFile; fileRef = 815749D52331C2DA008E95CF /* Game.swift */; };
		815749D82331C915008E95CF /* Deck.swift in Sources */ = {isa = PBXBuildFile; fileRef = 815749D72331C915008E95CF /* Deck.swift */; };
		815749FC233226D2008E95CF /* OneGameView.swift in Sources */ = {isa = PBXBuildFile; fileRef = 815749FB233226D2008E95CF /* OneGameView.swift */; };
		8160C5DC2319E08100550C54 /* AppDelegate.swift in Sources */ = {isa = PBXBuildFile; fileRef = 8160C5DB2319E08100550C54 /* AppDelegate.swift */; };
		8160C5DE2319E08100550C54 /* SceneDelegate.swift in Sources */ = {isa = PBXBuildFile; fileRef = 8160C5DD2319E08100550C54 /* SceneDelegate.swift */; };
		8160C5E02319E08100550C54 /* HomeView.swift in Sources */ = {isa = PBXBuildFile; fileRef = 8160C5DF2319E08100550C54 /* HomeView.swift */; };
		8160C5E22319E08500550C54 /* Assets.xcassets in Resources */ = {isa = PBXBuildFile; fileRef = 8160C5E12319E08500550C54 /* Assets.xcassets */; };
		8160C5E52319E08500550C54 /* Preview Assets.xcassets in Resources */ = {isa = PBXBuildFile; fileRef = 8160C5E42319E08500550C54 /* Preview Assets.xcassets */; };
		8160C5E82319E08500550C54 /* LaunchScreen.storyboard in Resources */ = {isa = PBXBuildFile; fileRef = 8160C5E62319E08500550C54 /* LaunchScreen.storyboard */; };
		8160C5F32319E08500550C54 /* Hanabi_AiTests.swift in Sources */ = {isa = PBXBuildFile; fileRef = 8160C5F22319E08500550C54 /* Hanabi_AiTests.swift */; };
		8160C5FE2319E08500550C54 /* Hanabi_AiUITests.swift in Sources */ = {isa = PBXBuildFile; fileRef = 8160C5FD2319E08500550C54 /* Hanabi_AiUITests.swift */; };
		8160C60D2319FFB700550C54 /* AppInfo.swift in Sources */ = {isa = PBXBuildFile; fileRef = 8160C60C2319FFB700550C54 /* AppInfo.swift */; };
		8160C60F231A73B300550C54 /* AboutView.swift in Sources */ = {isa = PBXBuildFile; fileRef = 8160C60E231A73B300550C54 /* AboutView.swift */; };
		816397FE23680F9E00C10D38 /* ProphetV6.swift in Sources */ = {isa = PBXBuildFile; fileRef = 816397FD23680F9E00C10D38 /* ProphetV6.swift */; };
		816398002369789700C10D38 /* PlannerV1.swift in Sources */ = {isa = PBXBuildFile; fileRef = 816397FF2369789700C10D38 /* PlannerV1.swift */; };
		816BF0DA2371429900B3BF2F /* PlannerV2.swift in Sources */ = {isa = PBXBuildFile; fileRef = 816BF0D92371429900B3BF2F /* PlannerV2.swift */; };
		819A9311234567F0001B28C5 /* Action.swift in Sources */ = {isa = PBXBuildFile; fileRef = 819A9310234567F0001B28C5 /* Action.swift */; };
		81A0C80C235EC81A005C83B1 /* AIPicker.swift in Sources */ = {isa = PBXBuildFile; fileRef = 81A0C80B235EC81A005C83B1 /* AIPicker.swift */; };
		81A0C80E235ECA77005C83B1 /* AI.swift in Sources */ = {isa = PBXBuildFile; fileRef = 81A0C80D235ECA77005C83B1 /* AI.swift */; };
		81A0C811235ECCB6005C83B1 /* PlayFirstCardAI.swift in Sources */ = {isa = PBXBuildFile; fileRef = 81A0C810235ECCB6005C83B1 /* PlayFirstCardAI.swift */; };
		81A0C813235ED15A005C83B1 /* PlaySecondCardAI.swift in Sources */ = {isa = PBXBuildFile; fileRef = 81A0C812235ED15A005C83B1 /* PlaySecondCardAI.swift */; };
		81A9E6DA234E8B47001429B8 /* Suit+View.swift in Sources */ = {isa = PBXBuildFile; fileRef = 81A9E6D9234E8B47001429B8 /* Suit+View.swift */; };
		81A9E6DC234E923A001429B8 /* Card+View.swift in Sources */ = {isa = PBXBuildFile; fileRef = 81A9E6DB234E923A001429B8 /* Card+View.swift */; };
		81A9E6DE234E9522001429B8 /* CardArray+View.swift in Sources */ = {isa = PBXBuildFile; fileRef = 81A9E6DD234E9522001429B8 /* CardArray+View.swift */; };
		81A9E6E0234E957A001429B8 /* TextArray+Concatenated.swift in Sources */ = {isa = PBXBuildFile; fileRef = 81A9E6DF234E957A001429B8 /* TextArray+Concatenated.swift */; };
		81A9E6E4234F08D0001429B8 /* Setup.swift in Sources */ = {isa = PBXBuildFile; fileRef = 81A9E6E3234F08D0001429B8 /* Setup.swift */; };
		81B3390E235FD3D400541E10 /* DiscardFirstAI.swift in Sources */ = {isa = PBXBuildFile; fileRef = 81B3390D235FD3D400541E10 /* DiscardFirstAI.swift */; };
		81B339122360475100541E10 /* MultipleGamesView.swift in Sources */ = {isa = PBXBuildFile; fileRef = 81B339112360475100541E10 /* MultipleGamesView.swift */; };
		81B33914236048BA00541E10 /* PlayButtonView.swift in Sources */ = {isa = PBXBuildFile; fileRef = 81B33913236048BA00541E10 /* PlayButtonView.swift */; };
		81B339162360EF2700541E10 /* Stats.swift in Sources */ = {isa = PBXBuildFile; fileRef = 81B339152360EF2700541E10 /* Stats.swift */; };
		81DD08D023480CDF009D314F /* ScorePile.swift in Sources */ = {isa = PBXBuildFile; fileRef = 81DD08CF23480CDF009D314F /* ScorePile.swift */; };
		81F0165E23555B9D00BDF352 /* ActionType.swift in Sources */ = {isa = PBXBuildFile; fileRef = 81F0165D23555B9D00BDF352 /* ActionType.swift */; };
/* End PBXBuildFile section */

/* Begin PBXContainerItemProxy section */
		8160C5EF2319E08500550C54 /* PBXContainerItemProxy */ = {
			isa = PBXContainerItemProxy;
			containerPortal = 8160C5D02319E08100550C54 /* Project object */;
			proxyType = 1;
			remoteGlobalIDString = 8160C5D72319E08100550C54;
			remoteInfo = HanabiAi;
		};
		8160C5FA2319E08500550C54 /* PBXContainerItemProxy */ = {
			isa = PBXContainerItemProxy;
			containerPortal = 8160C5D02319E08100550C54 /* Project object */;
			proxyType = 1;
			remoteGlobalIDString = 8160C5D72319E08100550C54;
			remoteInfo = HanabiAi;
		};
/* End PBXContainerItemProxy section */

/* Begin PBXFileReference section */
		81129CC72357E97C00E601CC /* Model.swift */ = {isa = PBXFileReference; lastKnownFileType = sourcecode.swift; path = Model.swift; sourceTree = "<group>"; };
		81231A1D231B39B400B5EAD0 /* AutoPlayView.swift */ = {isa = PBXFileReference; lastKnownFileType = sourcecode.swift; path = AutoPlayView.swift; sourceTree = "<group>"; };
		812F8CCB2342E6D7000D8925 /* DeckSetup.swift */ = {isa = PBXFileReference; lastKnownFileType = sourcecode.swift; path = DeckSetup.swift; sourceTree = "<group>"; };
		812F8CCD2342E701000D8925 /* Turn.swift */ = {isa = PBXFileReference; lastKnownFileType = sourcecode.swift; path = Turn.swift; sourceTree = "<group>"; };
		812F8CCF2342F424000D8925 /* Hand.swift */ = {isa = PBXFileReference; lastKnownFileType = sourcecode.swift; path = Hand.swift; sourceTree = "<group>"; };
		812F8CD123433C93000D8925 /* Suit.swift */ = {isa = PBXFileReference; lastKnownFileType = sourcecode.swift; path = Suit.swift; sourceTree = "<group>"; };
		81314E5B235BD0AF00798935 /* DeckView.swift */ = {isa = PBXFileReference; lastKnownFileType = sourcecode.swift; path = DeckView.swift; sourceTree = "<group>"; };
		81314E5D235BD6FF00798935 /* CardArray+Model.swift */ = {isa = PBXFileReference; lastKnownFileType = sourcecode.swift; path = "CardArray+Model.swift"; sourceTree = "<group>"; };
		81465FB52343FC4200DD67C8 /* Card.swift */ = {isa = PBXFileReference; lastKnownFileType = sourcecode.swift; path = Card.swift; sourceTree = "<group>"; };
		81475F3823616AB3009DD0F6 /* PlayableV3.swift */ = {isa = PBXFileReference; lastKnownFileType = sourcecode.swift; path = PlayableV3.swift; sourceTree = "<group>"; };
		815749D52331C2DA008E95CF /* Game.swift */ = {isa = PBXFileReference; lastKnownFileType = sourcecode.swift; path = Game.swift; sourceTree = "<group>"; };
		815749D72331C915008E95CF /* Deck.swift */ = {isa = PBXFileReference; lastKnownFileType = sourcecode.swift; path = Deck.swift; sourceTree = "<group>"; };
		815749FB233226D2008E95CF /* OneGameView.swift */ = {isa = PBXFileReference; lastKnownFileType = sourcecode.swift; path = OneGameView.swift; sourceTree = "<group>"; };
		8160C5D82319E08100550C54 /* Hanabi Ai.app */ = {isa = PBXFileReference; explicitFileType = wrapper.application; includeInIndex = 0; path = "Hanabi Ai.app"; sourceTree = BUILT_PRODUCTS_DIR; };
		8160C5DB2319E08100550C54 /* AppDelegate.swift */ = {isa = PBXFileReference; lastKnownFileType = sourcecode.swift; path = AppDelegate.swift; sourceTree = "<group>"; };
		8160C5DD2319E08100550C54 /* SceneDelegate.swift */ = {isa = PBXFileReference; lastKnownFileType = sourcecode.swift; path = SceneDelegate.swift; sourceTree = "<group>"; };
		8160C5DF2319E08100550C54 /* HomeView.swift */ = {isa = PBXFileReference; lastKnownFileType = sourcecode.swift; path = HomeView.swift; sourceTree = "<group>"; };
		8160C5E12319E08500550C54 /* Assets.xcassets */ = {isa = PBXFileReference; lastKnownFileType = folder.assetcatalog; path = Assets.xcassets; sourceTree = "<group>"; };
		8160C5E42319E08500550C54 /* Preview Assets.xcassets */ = {isa = PBXFileReference; lastKnownFileType = folder.assetcatalog; path = "Preview Assets.xcassets"; sourceTree = "<group>"; };
		8160C5E72319E08500550C54 /* Base */ = {isa = PBXFileReference; lastKnownFileType = file.storyboard; name = Base; path = Base.lproj/LaunchScreen.storyboard; sourceTree = "<group>"; };
		8160C5E92319E08500550C54 /* Info.plist */ = {isa = PBXFileReference; lastKnownFileType = text.plist.xml; path = Info.plist; sourceTree = "<group>"; };
		8160C5EE2319E08500550C54 /* Hanabi AiTests.xctest */ = {isa = PBXFileReference; explicitFileType = wrapper.cfbundle; includeInIndex = 0; path = "Hanabi AiTests.xctest"; sourceTree = BUILT_PRODUCTS_DIR; };
		8160C5F22319E08500550C54 /* Hanabi_AiTests.swift */ = {isa = PBXFileReference; lastKnownFileType = sourcecode.swift; path = Hanabi_AiTests.swift; sourceTree = "<group>"; };
		8160C5F42319E08500550C54 /* Info.plist */ = {isa = PBXFileReference; lastKnownFileType = text.plist.xml; path = Info.plist; sourceTree = "<group>"; };
		8160C5F92319E08500550C54 /* Hanabi AiUITests.xctest */ = {isa = PBXFileReference; explicitFileType = wrapper.cfbundle; includeInIndex = 0; path = "Hanabi AiUITests.xctest"; sourceTree = BUILT_PRODUCTS_DIR; };
		8160C5FD2319E08500550C54 /* Hanabi_AiUITests.swift */ = {isa = PBXFileReference; lastKnownFileType = sourcecode.swift; path = Hanabi_AiUITests.swift; sourceTree = "<group>"; };
		8160C5FF2319E08500550C54 /* Info.plist */ = {isa = PBXFileReference; lastKnownFileType = text.plist.xml; path = Info.plist; sourceTree = "<group>"; };
		8160C60C2319FFB700550C54 /* AppInfo.swift */ = {isa = PBXFileReference; lastKnownFileType = sourcecode.swift; path = AppInfo.swift; sourceTree = "<group>"; };
		8160C60E231A73B300550C54 /* AboutView.swift */ = {isa = PBXFileReference; lastKnownFileType = sourcecode.swift; path = AboutView.swift; sourceTree = "<group>"; };
		816397FD23680F9E00C10D38 /* ProphetV6.swift */ = {isa = PBXFileReference; lastKnownFileType = sourcecode.swift; path = ProphetV6.swift; sourceTree = "<group>"; };
		816397FF2369789700C10D38 /* PlannerV1.swift */ = {isa = PBXFileReference; lastKnownFileType = sourcecode.swift; path = PlannerV1.swift; sourceTree = "<group>"; };
		816BF0D92371429900B3BF2F /* PlannerV2.swift */ = {isa = PBXFileReference; lastKnownFileType = sourcecode.swift; path = PlannerV2.swift; sourceTree = "<group>"; };
		819A9310234567F0001B28C5 /* Action.swift */ = {isa = PBXFileReference; lastKnownFileType = sourcecode.swift; path = Action.swift; sourceTree = "<group>"; };
		81A0C80B235EC81A005C83B1 /* AIPicker.swift */ = {isa = PBXFileReference; lastKnownFileType = sourcecode.swift; path = AIPicker.swift; sourceTree = "<group>"; };
		81A0C80D235ECA77005C83B1 /* AI.swift */ = {isa = PBXFileReference; lastKnownFileType = sourcecode.swift; path = AI.swift; sourceTree = "<group>"; };
		81A0C810235ECCB6005C83B1 /* PlayFirstCardAI.swift */ = {isa = PBXFileReference; lastKnownFileType = sourcecode.swift; path = PlayFirstCardAI.swift; sourceTree = "<group>"; };
		81A0C812235ED15A005C83B1 /* PlaySecondCardAI.swift */ = {isa = PBXFileReference; lastKnownFileType = sourcecode.swift; path = PlaySecondCardAI.swift; sourceTree = "<group>"; };
		81A9E6D9234E8B47001429B8 /* Suit+View.swift */ = {isa = PBXFileReference; lastKnownFileType = sourcecode.swift; path = "Suit+View.swift"; sourceTree = "<group>"; };
		81A9E6DB234E923A001429B8 /* Card+View.swift */ = {isa = PBXFileReference; lastKnownFileType = sourcecode.swift; path = "Card+View.swift"; sourceTree = "<group>"; };
		81A9E6DD234E9522001429B8 /* CardArray+View.swift */ = {isa = PBXFileReference; lastKnownFileType = sourcecode.swift; path = "CardArray+View.swift"; sourceTree = "<group>"; };
		81A9E6DF234E957A001429B8 /* TextArray+Concatenated.swift */ = {isa = PBXFileReference; lastKnownFileType = sourcecode.swift; path = "TextArray+Concatenated.swift"; sourceTree = "<group>"; };
		81A9E6E3234F08D0001429B8 /* Setup.swift */ = {isa = PBXFileReference; lastKnownFileType = sourcecode.swift; path = Setup.swift; sourceTree = "<group>"; };
		81B3390D235FD3D400541E10 /* DiscardFirstAI.swift */ = {isa = PBXFileReference; lastKnownFileType = sourcecode.swift; path = DiscardFirstAI.swift; sourceTree = "<group>"; };
		81B339112360475100541E10 /* MultipleGamesView.swift */ = {isa = PBXFileReference; lastKnownFileType = sourcecode.swift; path = MultipleGamesView.swift; sourceTree = "<group>"; };
		81B33913236048BA00541E10 /* PlayButtonView.swift */ = {isa = PBXFileReference; lastKnownFileType = sourcecode.swift; path = PlayButtonView.swift; sourceTree = "<group>"; };
		81B339152360EF2700541E10 /* Stats.swift */ = {isa = PBXFileReference; lastKnownFileType = sourcecode.swift; path = Stats.swift; sourceTree = "<group>"; };
		81DD08CF23480CDF009D314F /* ScorePile.swift */ = {isa = PBXFileReference; lastKnownFileType = sourcecode.swift; path = ScorePile.swift; sourceTree = "<group>"; };
		81F0165D23555B9D00BDF352 /* ActionType.swift */ = {isa = PBXFileReference; lastKnownFileType = sourcecode.swift; path = ActionType.swift; sourceTree = "<group>"; };
/* End PBXFileReference section */

/* Begin PBXFrameworksBuildPhase section */
		8160C5D52319E08100550C54 /* Frameworks */ = {
			isa = PBXFrameworksBuildPhase;
			buildActionMask = 2147483647;
			files = (
			);
			runOnlyForDeploymentPostprocessing = 0;
		};
		8160C5EB2319E08500550C54 /* Frameworks */ = {
			isa = PBXFrameworksBuildPhase;
			buildActionMask = 2147483647;
			files = (
			);
			runOnlyForDeploymentPostprocessing = 0;
		};
		8160C5F62319E08500550C54 /* Frameworks */ = {
			isa = PBXFrameworksBuildPhase;
			buildActionMask = 2147483647;
			files = (
			);
			runOnlyForDeploymentPostprocessing = 0;
		};
/* End PBXFrameworksBuildPhase section */

/* Begin PBXGroup section */
		81231A21231B3F5900B5EAD0 /* Views */ = {
			isa = PBXGroup;
			children = (
				8160C60E231A73B300550C54 /* AboutView.swift */,
				81A0C80B235EC81A005C83B1 /* AIPicker.swift */,
				81231A1D231B39B400B5EAD0 /* AutoPlayView.swift */,
				81A9E6DB234E923A001429B8 /* Card+View.swift */,
				81A9E6DD234E9522001429B8 /* CardArray+View.swift */,
				81314E5B235BD0AF00798935 /* DeckView.swift */,
				8160C5DF2319E08100550C54 /* HomeView.swift */,
				81B339112360475100541E10 /* MultipleGamesView.swift */,
				815749FB233226D2008E95CF /* OneGameView.swift */,
				81B33913236048BA00541E10 /* PlayButtonView.swift */,
				81A9E6D9234E8B47001429B8 /* Suit+View.swift */,
				81A9E6DF234E957A001429B8 /* TextArray+Concatenated.swift */,
			);
			path = Views;
			sourceTree = "<group>";
		};
		8160C5CF2319E08100550C54 = {
			isa = PBXGroup;
			children = (
				8160C5DA2319E08100550C54 /* Hanabi Ai */,
				8160C5F12319E08500550C54 /* Hanabi AiTests */,
				8160C5FC2319E08500550C54 /* Hanabi AiUITests */,
				8160C5D92319E08100550C54 /* Products */,
			);
			sourceTree = "<group>";
		};
		8160C5D92319E08100550C54 /* Products */ = {
			isa = PBXGroup;
			children = (
				8160C5D82319E08100550C54 /* Hanabi Ai.app */,
				8160C5EE2319E08500550C54 /* Hanabi AiTests.xctest */,
				8160C5F92319E08500550C54 /* Hanabi AiUITests.xctest */,
			);
			name = Products;
			sourceTree = "<group>";
		};
		8160C5DA2319E08100550C54 /* Hanabi Ai */ = {
			isa = PBXGroup;
			children = (
				8160C5DB2319E08100550C54 /* AppDelegate.swift */,
				8160C5DD2319E08100550C54 /* SceneDelegate.swift */,
				8160C60B2319FF8700550C54 /* Models */,
				81231A21231B3F5900B5EAD0 /* Views */,
				8160C5E12319E08500550C54 /* Assets.xcassets */,
				8160C5E62319E08500550C54 /* LaunchScreen.storyboard */,
				8160C5E92319E08500550C54 /* Info.plist */,
				8160C5E32319E08500550C54 /* Preview Content */,
			);
			path = "Hanabi Ai";
			sourceTree = "<group>";
		};
		8160C5E32319E08500550C54 /* Preview Content */ = {
			isa = PBXGroup;
			children = (
				8160C5E42319E08500550C54 /* Preview Assets.xcassets */,
			);
			path = "Preview Content";
			sourceTree = "<group>";
		};
		8160C5F12319E08500550C54 /* Hanabi AiTests */ = {
			isa = PBXGroup;
			children = (
				8160C5F22319E08500550C54 /* Hanabi_AiTests.swift */,
				8160C5F42319E08500550C54 /* Info.plist */,
			);
			path = "Hanabi AiTests";
			sourceTree = "<group>";
		};
		8160C5FC2319E08500550C54 /* Hanabi AiUITests */ = {
			isa = PBXGroup;
			children = (
				8160C5FD2319E08500550C54 /* Hanabi_AiUITests.swift */,
				8160C5FF2319E08500550C54 /* Info.plist */,
			);
			path = "Hanabi AiUITests";
			sourceTree = "<group>";
		};
		8160C60B2319FF8700550C54 /* Models */ = {
			isa = PBXGroup;
			children = (
				819A9310234567F0001B28C5 /* Action.swift */,
				81F0165D23555B9D00BDF352 /* ActionType.swift */,
				81A0C80F235ECC9F005C83B1 /* AIs */,
				8160C60C2319FFB700550C54 /* AppInfo.swift */,
				81465FB52343FC4200DD67C8 /* Card.swift */,
				81314E5D235BD6FF00798935 /* CardArray+Model.swift */,
				815749D72331C915008E95CF /* Deck.swift */,
				812F8CCB2342E6D7000D8925 /* DeckSetup.swift */,
				815749D52331C2DA008E95CF /* Game.swift */,
				812F8CCF2342F424000D8925 /* Hand.swift */,
				81129CC72357E97C00E601CC /* Model.swift */,
				81DD08CF23480CDF009D314F /* ScorePile.swift */,
				81A9E6E3234F08D0001429B8 /* Setup.swift */,
				81B339152360EF2700541E10 /* Stats.swift */,
				812F8CD123433C93000D8925 /* Suit.swift */,
				812F8CCD2342E701000D8925 /* Turn.swift */,
			);
			path = Models;
			sourceTree = "<group>";
		};
		81A0C80F235ECC9F005C83B1 /* AIs */ = {
			isa = PBXGroup;
			children = (
				81A0C80D235ECA77005C83B1 /* AI.swift */,
				81B3390D235FD3D400541E10 /* DiscardFirstAI.swift */,
				816397FF2369789700C10D38 /* PlannerV1.swift */,
				816BF0D92371429900B3BF2F /* PlannerV2.swift */,
				81A0C810235ECCB6005C83B1 /* PlayFirstCardAI.swift */,
				81A0C812235ED15A005C83B1 /* PlaySecondCardAI.swift */,
				81475F3823616AB3009DD0F6 /* PlayableV3.swift */,
				816397FD23680F9E00C10D38 /* ProphetV6.swift */,
			);
			path = AIs;
			sourceTree = "<group>";
		};
/* End PBXGroup section */

/* Begin PBXNativeTarget section */
		8160C5D72319E08100550C54 /* Hanabi Ai */ = {
			isa = PBXNativeTarget;
			buildConfigurationList = 8160C6022319E08500550C54 /* Build configuration list for PBXNativeTarget "Hanabi Ai" */;
			buildPhases = (
				8160C5D42319E08100550C54 /* Sources */,
				8160C5D52319E08100550C54 /* Frameworks */,
				8160C5D62319E08100550C54 /* Resources */,
			);
			buildRules = (
			);
			dependencies = (
			);
			name = "Hanabi Ai";
			productName = HanabiAi;
			productReference = 8160C5D82319E08100550C54 /* Hanabi Ai.app */;
			productType = "com.apple.product-type.application";
		};
		8160C5ED2319E08500550C54 /* Hanabi AiTests */ = {
			isa = PBXNativeTarget;
			buildConfigurationList = 8160C6052319E08500550C54 /* Build configuration list for PBXNativeTarget "Hanabi AiTests" */;
			buildPhases = (
				8160C5EA2319E08500550C54 /* Sources */,
				8160C5EB2319E08500550C54 /* Frameworks */,
				8160C5EC2319E08500550C54 /* Resources */,
			);
			buildRules = (
			);
			dependencies = (
				8160C5F02319E08500550C54 /* PBXTargetDependency */,
			);
			name = "Hanabi AiTests";
			productName = HanabiAiTests;
			productReference = 8160C5EE2319E08500550C54 /* Hanabi AiTests.xctest */;
			productType = "com.apple.product-type.bundle.unit-test";
		};
		8160C5F82319E08500550C54 /* Hanabi AiUITests */ = {
			isa = PBXNativeTarget;
			buildConfigurationList = 8160C6082319E08500550C54 /* Build configuration list for PBXNativeTarget "Hanabi AiUITests" */;
			buildPhases = (
				8160C5F52319E08500550C54 /* Sources */,
				8160C5F62319E08500550C54 /* Frameworks */,
				8160C5F72319E08500550C54 /* Resources */,
			);
			buildRules = (
			);
			dependencies = (
				8160C5FB2319E08500550C54 /* PBXTargetDependency */,
			);
			name = "Hanabi AiUITests";
			productName = HanabiAiUITests;
			productReference = 8160C5F92319E08500550C54 /* Hanabi AiUITests.xctest */;
			productType = "com.apple.product-type.bundle.ui-testing";
		};
/* End PBXNativeTarget section */

/* Begin PBXProject section */
		8160C5D02319E08100550C54 /* Project object */ = {
			isa = PBXProject;
			attributes = {
				LastSwiftUpdateCheck = 1100;
				LastUpgradeCheck = 1100;
				ORGANIZATIONNAME = "Geoff Hom";
				TargetAttributes = {
					8160C5D72319E08100550C54 = {
						CreatedOnToolsVersion = 11.0;
					};
					8160C5ED2319E08500550C54 = {
						CreatedOnToolsVersion = 11.0;
						TestTargetID = 8160C5D72319E08100550C54;
					};
					8160C5F82319E08500550C54 = {
						CreatedOnToolsVersion = 11.0;
						TestTargetID = 8160C5D72319E08100550C54;
					};
				};
			};
			buildConfigurationList = 8160C5D32319E08100550C54 /* Build configuration list for PBXProject "Hanabi Ai" */;
			compatibilityVersion = "Xcode 9.3";
			developmentRegion = en;
			hasScannedForEncodings = 0;
			knownRegions = (
				en,
				Base,
			);
			mainGroup = 8160C5CF2319E08100550C54;
			productRefGroup = 8160C5D92319E08100550C54 /* Products */;
			projectDirPath = "";
			projectRoot = "";
			targets = (
				8160C5D72319E08100550C54 /* Hanabi Ai */,
				8160C5ED2319E08500550C54 /* Hanabi AiTests */,
				8160C5F82319E08500550C54 /* Hanabi AiUITests */,
			);
		};
/* End PBXProject section */

/* Begin PBXResourcesBuildPhase section */
		8160C5D62319E08100550C54 /* Resources */ = {
			isa = PBXResourcesBuildPhase;
			buildActionMask = 2147483647;
			files = (
				8160C5E82319E08500550C54 /* LaunchScreen.storyboard in Resources */,
				8160C5E52319E08500550C54 /* Preview Assets.xcassets in Resources */,
				8160C5E22319E08500550C54 /* Assets.xcassets in Resources */,
			);
			runOnlyForDeploymentPostprocessing = 0;
		};
		8160C5EC2319E08500550C54 /* Resources */ = {
			isa = PBXResourcesBuildPhase;
			buildActionMask = 2147483647;
			files = (
			);
			runOnlyForDeploymentPostprocessing = 0;
		};
		8160C5F72319E08500550C54 /* Resources */ = {
			isa = PBXResourcesBuildPhase;
			buildActionMask = 2147483647;
			files = (
			);
			runOnlyForDeploymentPostprocessing = 0;
		};
/* End PBXResourcesBuildPhase section */

/* Begin PBXSourcesBuildPhase section */
		8160C5D42319E08100550C54 /* Sources */ = {
			isa = PBXSourcesBuildPhase;
			buildActionMask = 2147483647;
			files = (
				815749D82331C915008E95CF /* Deck.swift in Sources */,
				816398002369789700C10D38 /* PlannerV1.swift in Sources */,
				81B339162360EF2700541E10 /* Stats.swift in Sources */,
				81A9E6DC234E923A001429B8 /* Card+View.swift in Sources */,
				81A9E6E4234F08D0001429B8 /* Setup.swift in Sources */,
				81B3390E235FD3D400541E10 /* DiscardFirstAI.swift in Sources */,
				816397FE23680F9E00C10D38 /* ProphetV6.swift in Sources */,
				81A9E6E0234E957A001429B8 /* TextArray+Concatenated.swift in Sources */,
				81B339122360475100541E10 /* MultipleGamesView.swift in Sources */,
				816BF0DA2371429900B3BF2F /* PlannerV2.swift in Sources */,
				8160C60F231A73B300550C54 /* AboutView.swift in Sources */,
				81F0165E23555B9D00BDF352 /* ActionType.swift in Sources */,
				8160C5DC2319E08100550C54 /* AppDelegate.swift in Sources */,
				81A0C813235ED15A005C83B1 /* PlaySecondCardAI.swift in Sources */,
				81A0C80C235EC81A005C83B1 /* AIPicker.swift in Sources */,
				81314E5E235BD6FF00798935 /* CardArray+Model.swift in Sources */,
				8160C5DE2319E08100550C54 /* SceneDelegate.swift in Sources */,
				81A0C811235ECCB6005C83B1 /* PlayFirstCardAI.swift in Sources */,
				812F8CD02342F424000D8925 /* Hand.swift in Sources */,
				81DD08D023480CDF009D314F /* ScorePile.swift in Sources */,
				815749FC233226D2008E95CF /* OneGameView.swift in Sources */,
				81B33914236048BA00541E10 /* PlayButtonView.swift in Sources */,
				81314E5C235BD0AF00798935 /* DeckView.swift in Sources */,
				81A9E6DA234E8B47001429B8 /* Suit+View.swift in Sources */,
				81231A1E231B39B400B5EAD0 /* AutoPlayView.swift in Sources */,
				8160C5E02319E08100550C54 /* HomeView.swift in Sources */,
				81129CC82357E97C00E601CC /* Model.swift in Sources */,
				81475F3923616AB3009DD0F6 /* PlayableV3.swift in Sources */,
				812F8CCC2342E6D7000D8925 /* DeckSetup.swift in Sources */,
				81465FB62343FC4200DD67C8 /* Card.swift in Sources */,
				81A0C80E235ECA77005C83B1 /* AI.swift in Sources */,
				8160C60D2319FFB700550C54 /* AppInfo.swift in Sources */,
				812F8CCE2342E701000D8925 /* Turn.swift in Sources */,
				812F8CD223433C93000D8925 /* Suit.swift in Sources */,
				819A9311234567F0001B28C5 /* Action.swift in Sources */,
				81A9E6DE234E9522001429B8 /* CardArray+View.swift in Sources */,
				815749D62331C2DA008E95CF /* Game.swift in Sources */,
			);
			runOnlyForDeploymentPostprocessing = 0;
		};
		8160C5EA2319E08500550C54 /* Sources */ = {
			isa = PBXSourcesBuildPhase;
			buildActionMask = 2147483647;
			files = (
				8160C5F32319E08500550C54 /* Hanabi_AiTests.swift in Sources */,
			);
			runOnlyForDeploymentPostprocessing = 0;
		};
		8160C5F52319E08500550C54 /* Sources */ = {
			isa = PBXSourcesBuildPhase;
			buildActionMask = 2147483647;
			files = (
				8160C5FE2319E08500550C54 /* Hanabi_AiUITests.swift in Sources */,
			);
			runOnlyForDeploymentPostprocessing = 0;
		};
/* End PBXSourcesBuildPhase section */

/* Begin PBXTargetDependency section */
		8160C5F02319E08500550C54 /* PBXTargetDependency */ = {
			isa = PBXTargetDependency;
			target = 8160C5D72319E08100550C54 /* Hanabi Ai */;
			targetProxy = 8160C5EF2319E08500550C54 /* PBXContainerItemProxy */;
		};
		8160C5FB2319E08500550C54 /* PBXTargetDependency */ = {
			isa = PBXTargetDependency;
			target = 8160C5D72319E08100550C54 /* Hanabi Ai */;
			targetProxy = 8160C5FA2319E08500550C54 /* PBXContainerItemProxy */;
		};
/* End PBXTargetDependency section */

/* Begin PBXVariantGroup section */
		8160C5E62319E08500550C54 /* LaunchScreen.storyboard */ = {
			isa = PBXVariantGroup;
			children = (
				8160C5E72319E08500550C54 /* Base */,
			);
			name = LaunchScreen.storyboard;
			sourceTree = "<group>";
		};
/* End PBXVariantGroup section */

/* Begin XCBuildConfiguration section */
		8160C6002319E08500550C54 /* Debug */ = {
			isa = XCBuildConfiguration;
			buildSettings = {
				ALWAYS_SEARCH_USER_PATHS = NO;
				CLANG_ANALYZER_NONNULL = YES;
				CLANG_ANALYZER_NUMBER_OBJECT_CONVERSION = YES_AGGRESSIVE;
				CLANG_CXX_LANGUAGE_STANDARD = "gnu++14";
				CLANG_CXX_LIBRARY = "libc++";
				CLANG_ENABLE_MODULES = YES;
				CLANG_ENABLE_OBJC_ARC = YES;
				CLANG_ENABLE_OBJC_WEAK = YES;
				CLANG_WARN_BLOCK_CAPTURE_AUTORELEASING = YES;
				CLANG_WARN_BOOL_CONVERSION = YES;
				CLANG_WARN_COMMA = YES;
				CLANG_WARN_CONSTANT_CONVERSION = YES;
				CLANG_WARN_DEPRECATED_OBJC_IMPLEMENTATIONS = YES;
				CLANG_WARN_DIRECT_OBJC_ISA_USAGE = YES_ERROR;
				CLANG_WARN_DOCUMENTATION_COMMENTS = YES;
				CLANG_WARN_EMPTY_BODY = YES;
				CLANG_WARN_ENUM_CONVERSION = YES;
				CLANG_WARN_INFINITE_RECURSION = YES;
				CLANG_WARN_INT_CONVERSION = YES;
				CLANG_WARN_NON_LITERAL_NULL_CONVERSION = YES;
				CLANG_WARN_OBJC_IMPLICIT_RETAIN_SELF = YES;
				CLANG_WARN_OBJC_LITERAL_CONVERSION = YES;
				CLANG_WARN_OBJC_ROOT_CLASS = YES_ERROR;
				CLANG_WARN_RANGE_LOOP_ANALYSIS = YES;
				CLANG_WARN_STRICT_PROTOTYPES = YES;
				CLANG_WARN_SUSPICIOUS_MOVE = YES;
				CLANG_WARN_UNGUARDED_AVAILABILITY = YES_AGGRESSIVE;
				CLANG_WARN_UNREACHABLE_CODE = YES;
				CLANG_WARN__DUPLICATE_METHOD_MATCH = YES;
				COPY_PHASE_STRIP = NO;
				DEBUG_INFORMATION_FORMAT = dwarf;
				ENABLE_STRICT_OBJC_MSGSEND = YES;
				ENABLE_TESTABILITY = YES;
				GCC_C_LANGUAGE_STANDARD = gnu11;
				GCC_DYNAMIC_NO_PIC = NO;
				GCC_NO_COMMON_BLOCKS = YES;
				GCC_OPTIMIZATION_LEVEL = 0;
				GCC_PREPROCESSOR_DEFINITIONS = (
					"DEBUG=1",
					"$(inherited)",
				);
				GCC_WARN_64_TO_32_BIT_CONVERSION = YES;
				GCC_WARN_ABOUT_RETURN_TYPE = YES_ERROR;
				GCC_WARN_UNDECLARED_SELECTOR = YES;
				GCC_WARN_UNINITIALIZED_AUTOS = YES_AGGRESSIVE;
				GCC_WARN_UNUSED_FUNCTION = YES;
				GCC_WARN_UNUSED_VARIABLE = YES;
				IPHONEOS_DEPLOYMENT_TARGET = 13.0;
				MTL_ENABLE_DEBUG_INFO = INCLUDE_SOURCE;
				MTL_FAST_MATH = YES;
				ONLY_ACTIVE_ARCH = YES;
				SDKROOT = iphoneos;
				SWIFT_ACTIVE_COMPILATION_CONDITIONS = DEBUG;
				SWIFT_OPTIMIZATION_LEVEL = "-Onone";
			};
			name = Debug;
		};
		8160C6012319E08500550C54 /* Release */ = {
			isa = XCBuildConfiguration;
			buildSettings = {
				ALWAYS_SEARCH_USER_PATHS = NO;
				CLANG_ANALYZER_NONNULL = YES;
				CLANG_ANALYZER_NUMBER_OBJECT_CONVERSION = YES_AGGRESSIVE;
				CLANG_CXX_LANGUAGE_STANDARD = "gnu++14";
				CLANG_CXX_LIBRARY = "libc++";
				CLANG_ENABLE_MODULES = YES;
				CLANG_ENABLE_OBJC_ARC = YES;
				CLANG_ENABLE_OBJC_WEAK = YES;
				CLANG_WARN_BLOCK_CAPTURE_AUTORELEASING = YES;
				CLANG_WARN_BOOL_CONVERSION = YES;
				CLANG_WARN_COMMA = YES;
				CLANG_WARN_CONSTANT_CONVERSION = YES;
				CLANG_WARN_DEPRECATED_OBJC_IMPLEMENTATIONS = YES;
				CLANG_WARN_DIRECT_OBJC_ISA_USAGE = YES_ERROR;
				CLANG_WARN_DOCUMENTATION_COMMENTS = YES;
				CLANG_WARN_EMPTY_BODY = YES;
				CLANG_WARN_ENUM_CONVERSION = YES;
				CLANG_WARN_INFINITE_RECURSION = YES;
				CLANG_WARN_INT_CONVERSION = YES;
				CLANG_WARN_NON_LITERAL_NULL_CONVERSION = YES;
				CLANG_WARN_OBJC_IMPLICIT_RETAIN_SELF = YES;
				CLANG_WARN_OBJC_LITERAL_CONVERSION = YES;
				CLANG_WARN_OBJC_ROOT_CLASS = YES_ERROR;
				CLANG_WARN_RANGE_LOOP_ANALYSIS = YES;
				CLANG_WARN_STRICT_PROTOTYPES = YES;
				CLANG_WARN_SUSPICIOUS_MOVE = YES;
				CLANG_WARN_UNGUARDED_AVAILABILITY = YES_AGGRESSIVE;
				CLANG_WARN_UNREACHABLE_CODE = YES;
				CLANG_WARN__DUPLICATE_METHOD_MATCH = YES;
				COPY_PHASE_STRIP = NO;
				DEBUG_INFORMATION_FORMAT = "dwarf-with-dsym";
				ENABLE_NS_ASSERTIONS = NO;
				ENABLE_STRICT_OBJC_MSGSEND = YES;
				GCC_C_LANGUAGE_STANDARD = gnu11;
				GCC_NO_COMMON_BLOCKS = YES;
				GCC_WARN_64_TO_32_BIT_CONVERSION = YES;
				GCC_WARN_ABOUT_RETURN_TYPE = YES_ERROR;
				GCC_WARN_UNDECLARED_SELECTOR = YES;
				GCC_WARN_UNINITIALIZED_AUTOS = YES_AGGRESSIVE;
				GCC_WARN_UNUSED_FUNCTION = YES;
				GCC_WARN_UNUSED_VARIABLE = YES;
				IPHONEOS_DEPLOYMENT_TARGET = 13.0;
				MTL_ENABLE_DEBUG_INFO = NO;
				MTL_FAST_MATH = YES;
				SDKROOT = iphoneos;
				SWIFT_COMPILATION_MODE = wholemodule;
				SWIFT_OPTIMIZATION_LEVEL = "-O";
				VALIDATE_PRODUCT = YES;
			};
			name = Release;
		};
		8160C6032319E08500550C54 /* Debug */ = {
			isa = XCBuildConfiguration;
			buildSettings = {
				ASSETCATALOG_COMPILER_APPICON_NAME = AppIcon;
				CODE_SIGN_STYLE = Automatic;
				DEVELOPMENT_ASSET_PATHS = "\"Hanabi Ai/Preview Content\"";
				DEVELOPMENT_TEAM = 5A92XSL5CB;
				ENABLE_PREVIEWS = YES;
				INFOPLIST_FILE = "Hanabi Ai/Info.plist";
				LD_RUNPATH_SEARCH_PATHS = (
					"$(inherited)",
					"@executable_path/Frameworks",
				);
				PRODUCT_BUNDLE_IDENTIFIER = "com.geoffhom.Hanabi-Ai";
				PRODUCT_NAME = "$(TARGET_NAME)";
				SWIFT_VERSION = 5.0;
				TARGETED_DEVICE_FAMILY = "1,2";
			};
			name = Debug;
		};
		8160C6042319E08500550C54 /* Release */ = {
			isa = XCBuildConfiguration;
			buildSettings = {
				ASSETCATALOG_COMPILER_APPICON_NAME = AppIcon;
				CODE_SIGN_STYLE = Automatic;
				DEVELOPMENT_ASSET_PATHS = "\"Hanabi Ai/Preview Content\"";
				DEVELOPMENT_TEAM = 5A92XSL5CB;
				ENABLE_PREVIEWS = YES;
				INFOPLIST_FILE = "Hanabi Ai/Info.plist";
				LD_RUNPATH_SEARCH_PATHS = (
					"$(inherited)",
					"@executable_path/Frameworks",
				);
				PRODUCT_BUNDLE_IDENTIFIER = "com.geoffhom.Hanabi-Ai";
				PRODUCT_NAME = "$(TARGET_NAME)";
				SWIFT_VERSION = 5.0;
				TARGETED_DEVICE_FAMILY = "1,2";
			};
			name = Release;
		};
		8160C6062319E08500550C54 /* Debug */ = {
			isa = XCBuildConfiguration;
			buildSettings = {
				ALWAYS_EMBED_SWIFT_STANDARD_LIBRARIES = YES;
				BUNDLE_LOADER = "$(TEST_HOST)";
				CODE_SIGN_STYLE = Automatic;
				INFOPLIST_FILE = "Hanabi AiTests/Info.plist";
				IPHONEOS_DEPLOYMENT_TARGET = 13.0;
				LD_RUNPATH_SEARCH_PATHS = (
					"$(inherited)",
					"@executable_path/Frameworks",
					"@loader_path/Frameworks",
				);
				PRODUCT_BUNDLE_IDENTIFIER = "com.geoffhom.Hanabi-AiTests";
				PRODUCT_NAME = "$(TARGET_NAME)";
				SWIFT_VERSION = 5.0;
				TARGETED_DEVICE_FAMILY = "1,2";
				TEST_HOST = "$(BUILT_PRODUCTS_DIR)/Hanabi Ai.app/Hanabi Ai";
			};
			name = Debug;
		};
		8160C6072319E08500550C54 /* Release */ = {
			isa = XCBuildConfiguration;
			buildSettings = {
				ALWAYS_EMBED_SWIFT_STANDARD_LIBRARIES = YES;
				BUNDLE_LOADER = "$(TEST_HOST)";
				CODE_SIGN_STYLE = Automatic;
				INFOPLIST_FILE = "Hanabi AiTests/Info.plist";
				IPHONEOS_DEPLOYMENT_TARGET = 13.0;
				LD_RUNPATH_SEARCH_PATHS = (
					"$(inherited)",
					"@executable_path/Frameworks",
					"@loader_path/Frameworks",
				);
				PRODUCT_BUNDLE_IDENTIFIER = "com.geoffhom.Hanabi-AiTests";
				PRODUCT_NAME = "$(TARGET_NAME)";
				SWIFT_VERSION = 5.0;
				TARGETED_DEVICE_FAMILY = "1,2";
				TEST_HOST = "$(BUILT_PRODUCTS_DIR)/Hanabi Ai.app/Hanabi Ai";
			};
			name = Release;
		};
		8160C6092319E08500550C54 /* Debug */ = {
			isa = XCBuildConfiguration;
			buildSettings = {
				ALWAYS_EMBED_SWIFT_STANDARD_LIBRARIES = YES;
				CODE_SIGN_STYLE = Automatic;
				INFOPLIST_FILE = "Hanabi AiUITests/Info.plist";
				LD_RUNPATH_SEARCH_PATHS = (
					"$(inherited)",
					"@executable_path/Frameworks",
					"@loader_path/Frameworks",
				);
				PRODUCT_BUNDLE_IDENTIFIER = "com.geoffhom.Hanabi-AiUITests";
				PRODUCT_NAME = "$(TARGET_NAME)";
				SWIFT_VERSION = 5.0;
				TARGETED_DEVICE_FAMILY = "1,2";
				TEST_TARGET_NAME = HanabiAi;
			};
			name = Debug;
		};
		8160C60A2319E08500550C54 /* Release */ = {
			isa = XCBuildConfiguration;
			buildSettings = {
				ALWAYS_EMBED_SWIFT_STANDARD_LIBRARIES = YES;
				CODE_SIGN_STYLE = Automatic;
				INFOPLIST_FILE = "Hanabi AiUITests/Info.plist";
				LD_RUNPATH_SEARCH_PATHS = (
					"$(inherited)",
					"@executable_path/Frameworks",
					"@loader_path/Frameworks",
				);
				PRODUCT_BUNDLE_IDENTIFIER = "com.geoffhom.Hanabi-AiUITests";
				PRODUCT_NAME = "$(TARGET_NAME)";
				SWIFT_VERSION = 5.0;
				TARGETED_DEVICE_FAMILY = "1,2";
				TEST_TARGET_NAME = HanabiAi;
			};
			name = Release;
		};
/* End XCBuildConfiguration section */

/* Begin XCConfigurationList section */
		8160C5D32319E08100550C54 /* Build configuration list for PBXProject "Hanabi Ai" */ = {
			isa = XCConfigurationList;
			buildConfigurations = (
				8160C6002319E08500550C54 /* Debug */,
				8160C6012319E08500550C54 /* Release */,
			);
			defaultConfigurationIsVisible = 0;
			defaultConfigurationName = Release;
		};
		8160C6022319E08500550C54 /* Build configuration list for PBXNativeTarget "Hanabi Ai" */ = {
			isa = XCConfigurationList;
			buildConfigurations = (
				8160C6032319E08500550C54 /* Debug */,
				8160C6042319E08500550C54 /* Release */,
			);
			defaultConfigurationIsVisible = 0;
			defaultConfigurationName = Release;
		};
		8160C6052319E08500550C54 /* Build configuration list for PBXNativeTarget "Hanabi AiTests" */ = {
			isa = XCConfigurationList;
			buildConfigurations = (
				8160C6062319E08500550C54 /* Debug */,
				8160C6072319E08500550C54 /* Release */,
			);
			defaultConfigurationIsVisible = 0;
			defaultConfigurationName = Release;
		};
		8160C6082319E08500550C54 /* Build configuration list for PBXNativeTarget "Hanabi AiUITests" */ = {
			isa = XCConfigurationList;
			buildConfigurations = (
				8160C6092319E08500550C54 /* Debug */,
				8160C60A2319E08500550C54 /* Release */,
			);
			defaultConfigurationIsVisible = 0;
			defaultConfigurationName = Release;
		};
/* End XCConfigurationList section */
	};
	rootObject = 8160C5D02319E08100550C54 /* Project object */;
}
